
Microsoft Visual Studio Solution File, Format Version 12.00
# Visual Studio Version 16
VisualStudioVersion = 16.0.29403.142
MinimumVisualStudioVersion = 10.0.40219.1
Project("{9A19103F-16F7-4668-BE54-9A1E7A4F7556}") = "HealthCareSSIApi", "HealthCareSSIApi.csproj", "{5FA35F77-4230-4414-A269-49288902BC33}"
EndProject
Project("{FAE04EC0-301F-11D3-BF4B-00C04F79EFBC}") = "HealthSSI.Core", "..\HealthSSI.Core\HealthSSI.Core.csproj", "{DE5E8425-1DBD-4587-9418-5522EAC81DD0}"
EndProject
Project("{FAE04EC0-301F-11D3-BF4B-00C04F79EFBC}") = "HealthSSI.Core.Tests", "..\HealthSSI.Core.Tests\HealthSSI.Core.Tests.csproj", "{C173A35B-B5BD-46CE-86F2-FC9ED3AC8A44}"
EndProject
Project("{FAE04EC0-301F-11D3-BF4B-00C04F79EFBC}") = "HealthSSI.Data", "..\HealthSSI.Data\HealthSSI.Data.csproj", "{CED69853-7E29-44FF-ACFE-9DB2772B9132}"
EndProject
Project("{FAE04EC0-301F-11D3-BF4B-00C04F79EFBC}") = "HealthCareSSIApi.IntegrationTests", "..\HealthCareSSIApi.IntegrationTests\HealthCareSSIApi.IntegrationTests.csproj", "{35BA9F62-04A6-4BE4-B572-139D25CBBE4B}"
EndProject
Project("{FAE04EC0-301F-11D3-BF4B-00C04F79EFBC}") = "HealthCareSSI.Tests.Common", "..\HealthCareSSI.Tests.Common\HealthCareSSI.Tests.Common.csproj", "{666CD91D-E11C-4041-B2C6-EA61359EFDD6}"
EndProject
Project("{2150E333-8FDC-42A3-9474-1A3956D46DE8}") = "Solution Items", "Solution Items", "{9F73C379-9658-4E4C-8364-7D3D490A3F57}"
	ProjectSection(SolutionItems) = preProject
		..\README.md = ..\README.md
	EndProjectSection
EndProject
Global
	GlobalSection(SolutionConfigurationPlatforms) = preSolution
		Debug|Any CPU = Debug|Any CPU
		Release|Any CPU = Release|Any CPU
	EndGlobalSection
	GlobalSection(ProjectConfigurationPlatforms) = postSolution
		{5FA35F77-4230-4414-A269-49288902BC33}.Debug|Any CPU.ActiveCfg = Debug|Any CPU
		{5FA35F77-4230-4414-A269-49288902BC33}.Debug|Any CPU.Build.0 = Debug|Any CPU
		{5FA35F77-4230-4414-A269-49288902BC33}.Release|Any CPU.ActiveCfg = Release|Any CPU
		{5FA35F77-4230-4414-A269-49288902BC33}.Release|Any CPU.Build.0 = Release|Any CPU
		{DE5E8425-1DBD-4587-9418-5522EAC81DD0}.Debug|Any CPU.ActiveCfg = Debug|Any CPU
		{DE5E8425-1DBD-4587-9418-5522EAC81DD0}.Debug|Any CPU.Build.0 = Debug|Any CPU
		{DE5E8425-1DBD-4587-9418-5522EAC81DD0}.Release|Any CPU.ActiveCfg = Release|Any CPU
		{DE5E8425-1DBD-4587-9418-5522EAC81DD0}.Release|Any CPU.Build.0 = Release|Any CPU
		{C173A35B-B5BD-46CE-86F2-FC9ED3AC8A44}.Debug|Any CPU.ActiveCfg = Debug|Any CPU
		{C173A35B-B5BD-46CE-86F2-FC9ED3AC8A44}.Debug|Any CPU.Build.0 = Debug|Any CPU
		{C173A35B-B5BD-46CE-86F2-FC9ED3AC8A44}.Release|Any CPU.ActiveCfg = Release|Any CPU
		{C173A35B-B5BD-46CE-86F2-FC9ED3AC8A44}.Release|Any CPU.Build.0 = Release|Any CPU
		{CED69853-7E29-44FF-ACFE-9DB2772B9132}.Debug|Any CPU.ActiveCfg = Debug|Any CPU
		{CED69853-7E29-44FF-ACFE-9DB2772B9132}.Debug|Any CPU.Build.0 = Debug|Any CPU
		{CED69853-7E29-44FF-ACFE-9DB2772B9132}.Release|Any CPU.ActiveCfg = Release|Any CPU
		{CED69853-7E29-44FF-ACFE-9DB2772B9132}.Release|Any CPU.Build.0 = Release|Any CPU
		{35BA9F62-04A6-4BE4-B572-139D25CBBE4B}.Debug|Any CPU.ActiveCfg = Debug|Any CPU
		{35BA9F62-04A6-4BE4-B572-139D25CBBE4B}.Debug|Any CPU.Build.0 = Debug|Any CPU
		{35BA9F62-04A6-4BE4-B572-139D25CBBE4B}.Release|Any CPU.ActiveCfg = Release|Any CPU
		{35BA9F62-04A6-4BE4-B572-139D25CBBE4B}.Release|Any CPU.Build.0 = Release|Any CPU
		{666CD91D-E11C-4041-B2C6-EA61359EFDD6}.Debug|Any CPU.ActiveCfg = Debug|Any CPU
		{666CD91D-E11C-4041-B2C6-EA61359EFDD6}.Debug|Any CPU.Build.0 = Debug|Any CPU
		{666CD91D-E11C-4041-B2C6-EA61359EFDD6}.Release|Any CPU.ActiveCfg = Release|Any CPU
		{666CD91D-E11C-4041-B2C6-EA61359EFDD6}.Release|Any CPU.Build.0 = Release|Any CPU
	EndGlobalSection
	GlobalSection(SolutionProperties) = preSolution
		HideSolutionNode = FALSE
	EndGlobalSection
	GlobalSection(ExtensibilityGlobals) = postSolution
		SolutionGuid = {955AC719-CE6C-42F5-BF4D-894CFB5DD7C6}
	EndGlobalSection
EndGlobal
